
Microsoft Visual Studio Solution File, Format Version 12.00
# Visual Studio Version 16
VisualStudioVersion = 16.0.32929.386
MinimumVisualStudioVersion = 10.0.40219.1
Project("{8BC9CEB8-8B4A-11D0-8D11-00A0C91BC942}") = "BingoPJ0105", "BingoPJ0105\BingoPJ0105.vcxproj", "{40E99EE9-E015-44E3-9182-4423598810DA}"
EndProject
Global
	GlobalSection(SolutionConfigurationPlatforms) = preSolution
		Debug|x64 = Debug|x64
		Debug|x86 = Debug|x86
		Release|x64 = Release|x64
		Release|x86 = Release|x86
	EndGlobalSection
	GlobalSection(ProjectConfigurationPlatforms) = postSolution
		{40E99EE9-E015-44E3-9182-4423598810DA}.Debug|x64.ActiveCfg = Debug|x64
		{40E99EE9-E015-44E3-9182-4423598810DA}.Debug|x64.Build.0 = Debug|x64
		{40E99EE9-E015-44E3-9182-4423598810DA}.Debug|x86.ActiveCfg = Debug|Win32
		{40E99EE9-E015-44E3-9182-4423598810DA}.Debug|x86.Build.0 = Debug|Win32
		{40E99EE9-E015-44E3-9182-4423598810DA}.Release|x64.ActiveCfg = Release|x64
		{40E99EE9-E015-44E3-9182-4423598810DA}.Release|x64.Build.0 = Release|x64
		{40E99EE9-E015-44E3-9182-4423598810DA}.Release|x86.ActiveCfg = Release|Win32
		{40E99EE9-E015-44E3-9182-4423598810DA}.Release|x86.Build.0 = Release|Win32
	EndGlobalSection
	GlobalSection(SolutionProperties) = preSolution
		HideSolutionNode = FALSE
	EndGlobalSection
	GlobalSection(ExtensibilityGlobals) = postSolution
		SolutionGuid = {5BA95DC2-63D8-4D90-9FF3-FCEB8567C8A4}
	EndGlobalSection
EndGlobal
